
Microsoft Visual Studio Solution File, Format Version 12.00
# Visual Studio 2013
VisualStudioVersion = 12.0.30501.0
MinimumVisualStudioVersion = 10.0.40219.1
Project("{FAE04EC0-301F-11D3-BF4B-00C04F79EFBC}") = "RatinalLibrary", "RatinalLibrary\RatinalLibrary.csproj", "{D3E200AC-8AFE-492B-B14F-69B311C2BE16}"
EndProject
Global
	GlobalSection(SolutionConfigurationPlatforms) = preSolution
		Debug|Any CPU = Debug|Any CPU
		Release|Any CPU = Release|Any CPU
	EndGlobalSection
	GlobalSection(ProjectConfigurationPlatforms) = postSolution
		{D3E200AC-8AFE-492B-B14F-69B311C2BE16}.Debug|Any CPU.ActiveCfg = Debug|Any CPU
		{D3E200AC-8AFE-492B-B14F-69B311C2BE16}.Debug|Any CPU.Build.0 = Debug|Any CPU
		{D3E200AC-8AFE-492B-B14F-69B311C2BE16}.Release|Any CPU.ActiveCfg = Release|Any CPU
		{D3E200AC-8AFE-492B-B14F-69B311C2BE16}.Release|Any CPU.Build.0 = Release|Any CPU
	EndGlobalSection
	GlobalSection(SolutionProperties) = preSolution
		HideSolutionNode = FALSE
	EndGlobalSection
EndGlobal
